
Microsoft Visual Studio Solution File, Format Version 12.00
# Visual Studio Version 17
VisualStudioVersion = 17.12.35527.113
MinimumVisualStudioVersion = 10.0.40219.1
Project("{FAE04EC0-301F-11D3-BF4B-00C04F79EFBC}") = "Adita.PlexNet.Opc.Ua", "Adita.PlexNet.Opc.Ua\Adita.PlexNet.Opc.Ua.csproj", "{5FDCF462-3701-4B40-AB10-4B642400D8FE}"
EndProject
Project("{2150E333-8FDC-42A3-9474-1A3956D46DE8}") = "Solution Items", "Solution Items", "{93A30F7E-D8C9-4C34-B847-EA1367814487}"
	ProjectSection(SolutionItems) = preProject
		LICENSE.txt = LICENSE.txt
		README.md = README.md
	EndProjectSection
EndProject
Project("{FAE04EC0-301F-11D3-BF4B-00C04F79EFBC}") = "Adita.PlexNet.Opc.Ua.Samples", "Adita.PlexNet.Opc.Ua.Samples\Adita.PlexNet.Opc.Ua.Samples.csproj", "{B6D5E9A2-4588-8713-533D-1857B6F4845A}"
EndProject
Project("{FAE04EC0-301F-11D3-BF4B-00C04F79EFBC}") = "Adita.PlexNet.Opc.Ua.Samples.Core", "Adita.PlexNet.Opc.Ua.Samples.Core\Adita.PlexNet.Opc.Ua.Samples.Core.csproj", "{7EADB5D1-ED2D-2904-885E-0AFD7E5CB9D1}"
EndProject
Global
	GlobalSection(SolutionConfigurationPlatforms) = preSolution
		Debug|Any CPU = Debug|Any CPU
		Release|Any CPU = Release|Any CPU
	EndGlobalSection
	GlobalSection(ProjectConfigurationPlatforms) = postSolution
		{5FDCF462-3701-4B40-AB10-4B642400D8FE}.Debug|Any CPU.ActiveCfg = Debug|Any CPU
		{5FDCF462-3701-4B40-AB10-4B642400D8FE}.Debug|Any CPU.Build.0 = Debug|Any CPU
		{5FDCF462-3701-4B40-AB10-4B642400D8FE}.Release|Any CPU.ActiveCfg = Release|Any CPU
		{5FDCF462-3701-4B40-AB10-4B642400D8FE}.Release|Any CPU.Build.0 = Release|Any CPU
		{B6D5E9A2-4588-8713-533D-1857B6F4845A}.Debug|Any CPU.ActiveCfg = Debug|x64
		{B6D5E9A2-4588-8713-533D-1857B6F4845A}.Debug|Any CPU.Build.0 = Debug|x64
		{B6D5E9A2-4588-8713-533D-1857B6F4845A}.Debug|Any CPU.Deploy.0 = Debug|x64
		{B6D5E9A2-4588-8713-533D-1857B6F4845A}.Release|Any CPU.ActiveCfg = Release|x64
		{B6D5E9A2-4588-8713-533D-1857B6F4845A}.Release|Any CPU.Build.0 = Release|x64
		{B6D5E9A2-4588-8713-533D-1857B6F4845A}.Release|Any CPU.Deploy.0 = Release|x64
		{7EADB5D1-ED2D-2904-885E-0AFD7E5CB9D1}.Debug|Any CPU.ActiveCfg = Debug|Any CPU
		{7EADB5D1-ED2D-2904-885E-0AFD7E5CB9D1}.Debug|Any CPU.Build.0 = Debug|Any CPU
		{7EADB5D1-ED2D-2904-885E-0AFD7E5CB9D1}.Release|Any CPU.ActiveCfg = Release|Any CPU
		{7EADB5D1-ED2D-2904-885E-0AFD7E5CB9D1}.Release|Any CPU.Build.0 = Release|Any CPU
	EndGlobalSection
	GlobalSection(SolutionProperties) = preSolution
		HideSolutionNode = FALSE
	EndGlobalSection
	GlobalSection(ExtensibilityGlobals) = postSolution
		SolutionGuid = {5D6ACDEE-964C-4963-8E8E-9467532305F1}
	EndGlobalSection
EndGlobal
